// !$*UTF8*$!
{
	archiveVersion = 1;
	classes = {
	};
	objectVersion = 56;
	objects = {

/* Begin PBXBuildFile section */
		1E45AC31297785C000885E50 /* Realm in Frameworks */ = {isa = PBXBuildFile; productRef = 1E45AC30297785C000885E50 /* Realm */; };
		1E45AC33297785C000885E50 /* RealmSwift in Frameworks */ = {isa = PBXBuildFile; productRef = 1E45AC32297785C000885E50 /* RealmSwift */; };
		1E45AC372977863700885E50 /* PitScoutingSheet.swift in Sources */ = {isa = PBXBuildFile; fileRef = 1E45AC362977863700885E50 /* PitScoutingSheet.swift */; };
		1E5F53962948325E00848137 /* ScheduleView.swift in Sources */ = {isa = PBXBuildFile; fileRef = 1E5F53952948325E00848137 /* ScheduleView.swift */; };
		1ED94E252940FDDA00FDE7E6 /* ScoutInsightsApp.swift in Sources */ = {isa = PBXBuildFile; fileRef = 1ED94E242940FDDA00FDE7E6 /* ScoutInsightsApp.swift */; };
		1ED94E272940FDDA00FDE7E6 /* ContentView.swift in Sources */ = {isa = PBXBuildFile; fileRef = 1ED94E262940FDDA00FDE7E6 /* ContentView.swift */; };
		1ED94E292940FDDB00FDE7E6 /* Assets.xcassets in Resources */ = {isa = PBXBuildFile; fileRef = 1ED94E282940FDDB00FDE7E6 /* Assets.xcassets */; };
		1ED94E2C2940FDDB00FDE7E6 /* Preview Assets.xcassets in Resources */ = {isa = PBXBuildFile; fileRef = 1ED94E2B2940FDDB00FDE7E6 /* Preview Assets.xcassets */; };
		1ED94E362940FDDB00FDE7E6 /* ScoutInsightsTests.swift in Sources */ = {isa = PBXBuildFile; fileRef = 1ED94E352940FDDB00FDE7E6 /* ScoutInsightsTests.swift */; };
		1ED94E402940FDDB00FDE7E6 /* ScoutInsightsUITests.swift in Sources */ = {isa = PBXBuildFile; fileRef = 1ED94E3F2940FDDB00FDE7E6 /* ScoutInsightsUITests.swift */; };
		1ED94E422940FDDB00FDE7E6 /* ScoutInsightsUITestsLaunchTests.swift in Sources */ = {isa = PBXBuildFile; fileRef = 1ED94E412940FDDB00FDE7E6 /* ScoutInsightsUITestsLaunchTests.swift */; };
		1ED94E502940FE1100FDE7E6 /* TeamsView.swift in Sources */ = {isa = PBXBuildFile; fileRef = 1ED94E4F2940FE1100FDE7E6 /* TeamsView.swift */; };
		1ED94E512940FE1100FDE7E6 /* TeamsView.swift in Sources */ = {isa = PBXBuildFile; fileRef = 1ED94E4F2940FE1100FDE7E6 /* TeamsView.swift */; };
		1ED94E562940FE5500FDE7E6 /* PickListEditorView.swift in Sources */ = {isa = PBXBuildFile; fileRef = 1ED94E552940FE5500FDE7E6 /* PickListEditorView.swift */; };
		1ED94E572940FE5500FDE7E6 /* PickListEditorView.swift in Sources */ = {isa = PBXBuildFile; fileRef = 1ED94E552940FE5500FDE7E6 /* PickListEditorView.swift */; };
		1ED94E592940FE5E00FDE7E6 /* StatisticsView.swift in Sources */ = {isa = PBXBuildFile; fileRef = 1ED94E582940FE5E00FDE7E6 /* StatisticsView.swift */; };
		1ED94E5A2940FE5E00FDE7E6 /* StatisticsView.swift in Sources */ = {isa = PBXBuildFile; fileRef = 1ED94E582940FE5E00FDE7E6 /* StatisticsView.swift */; };
		1ED94E602940FEC600FDE7E6 /* PickListView.swift in Sources */ = {isa = PBXBuildFile; fileRef = 1ED94E5F2940FEC600FDE7E6 /* PickListView.swift */; };
		1ED94E612940FEC600FDE7E6 /* PickListView.swift in Sources */ = {isa = PBXBuildFile; fileRef = 1ED94E5F2940FEC600FDE7E6 /* PickListView.swift */; };
/* End PBXBuildFile section */

/* Begin PBXContainerItemProxy section */
		1ED94E322940FDDB00FDE7E6 /* PBXContainerItemProxy */ = {
			isa = PBXContainerItemProxy;
			containerPortal = 1ED94E192940FDDA00FDE7E6 /* Project object */;
			proxyType = 1;
			remoteGlobalIDString = 1ED94E202940FDDA00FDE7E6;
			remoteInfo = ScoutInsights;
		};
		1ED94E3C2940FDDB00FDE7E6 /* PBXContainerItemProxy */ = {
			isa = PBXContainerItemProxy;
			containerPortal = 1ED94E192940FDDA00FDE7E6 /* Project object */;
			proxyType = 1;
			remoteGlobalIDString = 1ED94E202940FDDA00FDE7E6;
			remoteInfo = ScoutInsights;
		};
/* End PBXContainerItemProxy section */

/* Begin PBXFileReference section */
		1E45AC362977863700885E50 /* PitScoutingSheet.swift */ = {isa = PBXFileReference; lastKnownFileType = sourcecode.swift; path = PitScoutingSheet.swift; sourceTree = "<group>"; };
		1E5F53952948325E00848137 /* ScheduleView.swift */ = {isa = PBXFileReference; lastKnownFileType = sourcecode.swift; path = ScheduleView.swift; sourceTree = "<group>"; };
		1ED94E212940FDDA00FDE7E6 /* ScoutInsights.app */ = {isa = PBXFileReference; explicitFileType = wrapper.application; includeInIndex = 0; path = ScoutInsights.app; sourceTree = BUILT_PRODUCTS_DIR; };
		1ED94E242940FDDA00FDE7E6 /* ScoutInsightsApp.swift */ = {isa = PBXFileReference; lastKnownFileType = sourcecode.swift; path = ScoutInsightsApp.swift; sourceTree = "<group>"; };
		1ED94E262940FDDA00FDE7E6 /* ContentView.swift */ = {isa = PBXFileReference; lastKnownFileType = sourcecode.swift; path = ContentView.swift; sourceTree = "<group>"; };
		1ED94E282940FDDB00FDE7E6 /* Assets.xcassets */ = {isa = PBXFileReference; lastKnownFileType = folder.assetcatalog; path = Assets.xcassets; sourceTree = "<group>"; };
		1ED94E2B2940FDDB00FDE7E6 /* Preview Assets.xcassets */ = {isa = PBXFileReference; lastKnownFileType = folder.assetcatalog; path = "Preview Assets.xcassets"; sourceTree = "<group>"; };
		1ED94E312940FDDB00FDE7E6 /* ScoutInsightsTests.xctest */ = {isa = PBXFileReference; explicitFileType = wrapper.cfbundle; includeInIndex = 0; path = ScoutInsightsTests.xctest; sourceTree = BUILT_PRODUCTS_DIR; };
		1ED94E352940FDDB00FDE7E6 /* ScoutInsightsTests.swift */ = {isa = PBXFileReference; lastKnownFileType = sourcecode.swift; path = ScoutInsightsTests.swift; sourceTree = "<group>"; };
		1ED94E3B2940FDDB00FDE7E6 /* ScoutInsightsUITests.xctest */ = {isa = PBXFileReference; explicitFileType = wrapper.cfbundle; includeInIndex = 0; path = ScoutInsightsUITests.xctest; sourceTree = BUILT_PRODUCTS_DIR; };
		1ED94E3F2940FDDB00FDE7E6 /* ScoutInsightsUITests.swift */ = {isa = PBXFileReference; lastKnownFileType = sourcecode.swift; path = ScoutInsightsUITests.swift; sourceTree = "<group>"; };
		1ED94E412940FDDB00FDE7E6 /* ScoutInsightsUITestsLaunchTests.swift */ = {isa = PBXFileReference; lastKnownFileType = sourcecode.swift; path = ScoutInsightsUITestsLaunchTests.swift; sourceTree = "<group>"; };
		1ED94E4F2940FE1100FDE7E6 /* TeamsView.swift */ = {isa = PBXFileReference; lastKnownFileType = sourcecode.swift; path = TeamsView.swift; sourceTree = "<group>"; };
		1ED94E552940FE5500FDE7E6 /* PickListEditorView.swift */ = {isa = PBXFileReference; lastKnownFileType = sourcecode.swift; path = PickListEditorView.swift; sourceTree = "<group>"; };
		1ED94E582940FE5E00FDE7E6 /* StatisticsView.swift */ = {isa = PBXFileReference; lastKnownFileType = sourcecode.swift; path = StatisticsView.swift; sourceTree = "<group>"; };
		1ED94E5F2940FEC600FDE7E6 /* PickListView.swift */ = {isa = PBXFileReference; lastKnownFileType = sourcecode.swift; path = PickListView.swift; sourceTree = "<group>"; };
/* End PBXFileReference section */

/* Begin PBXFrameworksBuildPhase section */
		1ED94E1E2940FDDA00FDE7E6 /* Frameworks */ = {
			isa = PBXFrameworksBuildPhase;
			buildActionMask = 2147483647;
			files = (
				1E45AC33297785C000885E50 /* RealmSwift in Frameworks */,
				1E45AC31297785C000885E50 /* Realm in Frameworks */,
			);
			runOnlyForDeploymentPostprocessing = 0;
		};
		1ED94E2E2940FDDB00FDE7E6 /* Frameworks */ = {
			isa = PBXFrameworksBuildPhase;
			buildActionMask = 2147483647;
			files = (
			);
			runOnlyForDeploymentPostprocessing = 0;
		};
		1ED94E382940FDDB00FDE7E6 /* Frameworks */ = {
			isa = PBXFrameworksBuildPhase;
			buildActionMask = 2147483647;
			files = (
			);
			runOnlyForDeploymentPostprocessing = 0;
		};
/* End PBXFrameworksBuildPhase section */

/* Begin PBXGroup section */
		1E45AC342977861600885E50 /* Models */ = {
			isa = PBXGroup;
			children = (
				1E45AC362977863700885E50 /* PitScoutingSheet.swift */,
			);
			path = Models;
			sourceTree = "<group>";
		};
		1E5F53932948324600848137 /* Schedule */ = {
			isa = PBXGroup;
			children = (
				1E5F53952948325E00848137 /* ScheduleView.swift */,
			);
			path = Schedule;
			sourceTree = "<group>";
		};
		1ED94E182940FDDA00FDE7E6 = {
			isa = PBXGroup;
			children = (
				1ED94E232940FDDA00FDE7E6 /* ScoutInsights */,
				1ED94E342940FDDB00FDE7E6 /* ScoutInsightsTests */,
				1ED94E3E2940FDDB00FDE7E6 /* ScoutInsightsUITests */,
				1ED94E222940FDDA00FDE7E6 /* Products */,
			);
			sourceTree = "<group>";
		};
		1ED94E222940FDDA00FDE7E6 /* Products */ = {
			isa = PBXGroup;
			children = (
				1ED94E212940FDDA00FDE7E6 /* ScoutInsights.app */,
				1ED94E312940FDDB00FDE7E6 /* ScoutInsightsTests.xctest */,
				1ED94E3B2940FDDB00FDE7E6 /* ScoutInsightsUITests.xctest */,
			);
			name = Products;
			sourceTree = "<group>";
		};
		1ED94E232940FDDA00FDE7E6 /* ScoutInsights */ = {
			isa = PBXGroup;
			children = (
				1E45AC342977861600885E50 /* Models */,
				1ED94E4E2940FDEC00FDE7E6 /* Views */,
				1ED94E242940FDDA00FDE7E6 /* ScoutInsightsApp.swift */,
				1ED94E262940FDDA00FDE7E6 /* ContentView.swift */,
				1ED94E282940FDDB00FDE7E6 /* Assets.xcassets */,
				1ED94E2A2940FDDB00FDE7E6 /* Preview Content */,
			);
			path = ScoutInsights;
			sourceTree = "<group>";
		};
		1ED94E2A2940FDDB00FDE7E6 /* Preview Content */ = {
			isa = PBXGroup;
			children = (
				1ED94E2B2940FDDB00FDE7E6 /* Preview Assets.xcassets */,
			);
			path = "Preview Content";
			sourceTree = "<group>";
		};
		1ED94E342940FDDB00FDE7E6 /* ScoutInsightsTests */ = {
			isa = PBXGroup;
			children = (
				1ED94E352940FDDB00FDE7E6 /* ScoutInsightsTests.swift */,
			);
			path = ScoutInsightsTests;
			sourceTree = "<group>";
		};
		1ED94E3E2940FDDB00FDE7E6 /* ScoutInsightsUITests */ = {
			isa = PBXGroup;
			children = (
				1ED94E3F2940FDDB00FDE7E6 /* ScoutInsightsUITests.swift */,
				1ED94E412940FDDB00FDE7E6 /* ScoutInsightsUITestsLaunchTests.swift */,
			);
			path = ScoutInsightsUITests;
			sourceTree = "<group>";
		};
		1ED94E4E2940FDEC00FDE7E6 /* Views */ = {
			isa = PBXGroup;
			children = (
				1E5F53932948324600848137 /* Schedule */,
				1ED94E5B2940FE7400FDE7E6 /* Teams */,
				1ED94E5D2940FE9000FDE7E6 /* Pick List */,
				1ED94E5E2940FEA000FDE7E6 /* Statistics */,
			);
			path = Views;
			sourceTree = "<group>";
		};
		1ED94E5B2940FE7400FDE7E6 /* Teams */ = {
			isa = PBXGroup;
			children = (
				1ED94E4F2940FE1100FDE7E6 /* TeamsView.swift */,
			);
			path = Teams;
			sourceTree = "<group>";
		};
		1ED94E5D2940FE9000FDE7E6 /* Pick List */ = {
			isa = PBXGroup;
			children = (
				1ED94E552940FE5500FDE7E6 /* PickListEditorView.swift */,
				1ED94E5F2940FEC600FDE7E6 /* PickListView.swift */,
			);
			path = "Pick List";
			sourceTree = "<group>";
		};
		1ED94E5E2940FEA000FDE7E6 /* Statistics */ = {
			isa = PBXGroup;
			children = (
				1ED94E582940FE5E00FDE7E6 /* StatisticsView.swift */,
			);
			path = Statistics;
			sourceTree = "<group>";
		};
/* End PBXGroup section */

/* Begin PBXNativeTarget section */
		1ED94E202940FDDA00FDE7E6 /* ScoutInsights */ = {
			isa = PBXNativeTarget;
			buildConfigurationList = 1ED94E452940FDDB00FDE7E6 /* Build configuration list for PBXNativeTarget "ScoutInsights" */;
			buildPhases = (
				1ED94E1D2940FDDA00FDE7E6 /* Sources */,
				1ED94E1E2940FDDA00FDE7E6 /* Frameworks */,
				1ED94E1F2940FDDA00FDE7E6 /* Resources */,
			);
			buildRules = (
			);
			dependencies = (
			);
			name = ScoutInsights;
			packageProductDependencies = (
				1E45AC30297785C000885E50 /* Realm */,
				1E45AC32297785C000885E50 /* RealmSwift */,
			);
			productName = ScoutInsights;
			productReference = 1ED94E212940FDDA00FDE7E6 /* ScoutInsights.app */;
			productType = "com.apple.product-type.application";
		};
		1ED94E302940FDDB00FDE7E6 /* ScoutInsightsTests */ = {
			isa = PBXNativeTarget;
			buildConfigurationList = 1ED94E482940FDDB00FDE7E6 /* Build configuration list for PBXNativeTarget "ScoutInsightsTests" */;
			buildPhases = (
				1ED94E2D2940FDDB00FDE7E6 /* Sources */,
				1ED94E2E2940FDDB00FDE7E6 /* Frameworks */,
				1ED94E2F2940FDDB00FDE7E6 /* Resources */,
			);
			buildRules = (
			);
			dependencies = (
				1ED94E332940FDDB00FDE7E6 /* PBXTargetDependency */,
			);
			name = ScoutInsightsTests;
			productName = ScoutInsightsTests;
			productReference = 1ED94E312940FDDB00FDE7E6 /* ScoutInsightsTests.xctest */;
			productType = "com.apple.product-type.bundle.unit-test";
		};
		1ED94E3A2940FDDB00FDE7E6 /* ScoutInsightsUITests */ = {
			isa = PBXNativeTarget;
			buildConfigurationList = 1ED94E4B2940FDDB00FDE7E6 /* Build configuration list for PBXNativeTarget "ScoutInsightsUITests" */;
			buildPhases = (
				1ED94E372940FDDB00FDE7E6 /* Sources */,
				1ED94E382940FDDB00FDE7E6 /* Frameworks */,
				1ED94E392940FDDB00FDE7E6 /* Resources */,
			);
			buildRules = (
			);
			dependencies = (
				1ED94E3D2940FDDB00FDE7E6 /* PBXTargetDependency */,
			);
			name = ScoutInsightsUITests;
			productName = ScoutInsightsUITests;
			productReference = 1ED94E3B2940FDDB00FDE7E6 /* ScoutInsightsUITests.xctest */;
			productType = "com.apple.product-type.bundle.ui-testing";
		};
/* End PBXNativeTarget section */

/* Begin PBXProject section */
		1ED94E192940FDDA00FDE7E6 /* Project object */ = {
			isa = PBXProject;
			attributes = {
				BuildIndependentTargetsInParallel = 1;
				LastSwiftUpdateCheck = 1410;
				LastUpgradeCheck = 1410;
				TargetAttributes = {
					1ED94E202940FDDA00FDE7E6 = {
						CreatedOnToolsVersion = 14.1;
					};
					1ED94E302940FDDB00FDE7E6 = {
						CreatedOnToolsVersion = 14.1;
						TestTargetID = 1ED94E202940FDDA00FDE7E6;
					};
					1ED94E3A2940FDDB00FDE7E6 = {
						CreatedOnToolsVersion = 14.1;
						TestTargetID = 1ED94E202940FDDA00FDE7E6;
					};
				};
			};
			buildConfigurationList = 1ED94E1C2940FDDA00FDE7E6 /* Build configuration list for PBXProject "ScoutInsights" */;
			compatibilityVersion = "Xcode 14.0";
			developmentRegion = en;
			hasScannedForEncodings = 0;
			knownRegions = (
				en,
				Base,
			);
			mainGroup = 1ED94E182940FDDA00FDE7E6;
			packageReferences = (
				1E45AC2F297785C000885E50 /* XCRemoteSwiftPackageReference "realm-swift" */,
			);
			productRefGroup = 1ED94E222940FDDA00FDE7E6 /* Products */;
			projectDirPath = "";
			projectRoot = "";
			targets = (
				1ED94E202940FDDA00FDE7E6 /* ScoutInsights */,
				1ED94E302940FDDB00FDE7E6 /* ScoutInsightsTests */,
				1ED94E3A2940FDDB00FDE7E6 /* ScoutInsightsUITests */,
			);
		};
/* End PBXProject section */

/* Begin PBXResourcesBuildPhase section */
		1ED94E1F2940FDDA00FDE7E6 /* Resources */ = {
			isa = PBXResourcesBuildPhase;
			buildActionMask = 2147483647;
			files = (
				1ED94E2C2940FDDB00FDE7E6 /* Preview Assets.xcassets in Resources */,
				1ED94E292940FDDB00FDE7E6 /* Assets.xcassets in Resources */,
			);
			runOnlyForDeploymentPostprocessing = 0;
		};
		1ED94E2F2940FDDB00FDE7E6 /* Resources */ = {
			isa = PBXResourcesBuildPhase;
			buildActionMask = 2147483647;
			files = (
			);
			runOnlyForDeploymentPostprocessing = 0;
		};
		1ED94E392940FDDB00FDE7E6 /* Resources */ = {
			isa = PBXResourcesBuildPhase;
			buildActionMask = 2147483647;
			files = (
			);
			runOnlyForDeploymentPostprocessing = 0;
		};
/* End PBXResourcesBuildPhase section */

/* Begin PBXSourcesBuildPhase section */
		1ED94E1D2940FDDA00FDE7E6 /* Sources */ = {
			isa = PBXSourcesBuildPhase;
			buildActionMask = 2147483647;
			files = (
				1ED94E602940FEC600FDE7E6 /* PickListView.swift in Sources */,
				1ED94E272940FDDA00FDE7E6 /* ContentView.swift in Sources */,
				1ED94E592940FE5E00FDE7E6 /* StatisticsView.swift in Sources */,
				1E45AC372977863700885E50 /* PitScoutingSheet.swift in Sources */,
				1ED94E502940FE1100FDE7E6 /* TeamsView.swift in Sources */,
				1E5F53962948325E00848137 /* ScheduleView.swift in Sources */,
				1ED94E252940FDDA00FDE7E6 /* ScoutInsightsApp.swift in Sources */,
				1ED94E562940FE5500FDE7E6 /* PickListEditorView.swift in Sources */,
			);
			runOnlyForDeploymentPostprocessing = 0;
		};
		1ED94E2D2940FDDB00FDE7E6 /* Sources */ = {
			isa = PBXSourcesBuildPhase;
			buildActionMask = 2147483647;
			files = (
				1ED94E572940FE5500FDE7E6 /* PickListEditorView.swift in Sources */,
				1ED94E5A2940FE5E00FDE7E6 /* StatisticsView.swift in Sources */,
				1ED94E362940FDDB00FDE7E6 /* ScoutInsightsTests.swift in Sources */,
				1ED94E512940FE1100FDE7E6 /* TeamsView.swift in Sources */,
				1ED94E612940FEC600FDE7E6 /* PickListView.swift in Sources */,
			);
			runOnlyForDeploymentPostprocessing = 0;
		};
		1ED94E372940FDDB00FDE7E6 /* Sources */ = {
			isa = PBXSourcesBuildPhase;
			buildActionMask = 2147483647;
			files = (
				1ED94E422940FDDB00FDE7E6 /* ScoutInsightsUITestsLaunchTests.swift in Sources */,
				1ED94E402940FDDB00FDE7E6 /* ScoutInsightsUITests.swift in Sources */,
			);
			runOnlyForDeploymentPostprocessing = 0;
		};
/* End PBXSourcesBuildPhase section */

/* Begin PBXTargetDependency section */
		1ED94E332940FDDB00FDE7E6 /* PBXTargetDependency */ = {
			isa = PBXTargetDependency;
			target = 1ED94E202940FDDA00FDE7E6 /* ScoutInsights */;
			targetProxy = 1ED94E322940FDDB00FDE7E6 /* PBXContainerItemProxy */;
		};
		1ED94E3D2940FDDB00FDE7E6 /* PBXTargetDependency */ = {
			isa = PBXTargetDependency;
			target = 1ED94E202940FDDA00FDE7E6 /* ScoutInsights */;
			targetProxy = 1ED94E3C2940FDDB00FDE7E6 /* PBXContainerItemProxy */;
		};
/* End PBXTargetDependency section */

/* Begin XCBuildConfiguration section */
		1ED94E432940FDDB00FDE7E6 /* Debug */ = {
			isa = XCBuildConfiguration;
			buildSettings = {
				ALWAYS_SEARCH_USER_PATHS = NO;
				CLANG_ANALYZER_NONNULL = YES;
				CLANG_ANALYZER_NUMBER_OBJECT_CONVERSION = YES_AGGRESSIVE;
				CLANG_CXX_LANGUAGE_STANDARD = "gnu++20";
				CLANG_ENABLE_MODULES = YES;
				CLANG_ENABLE_OBJC_ARC = YES;
				CLANG_ENABLE_OBJC_WEAK = YES;
				CLANG_WARN_BLOCK_CAPTURE_AUTORELEASING = YES;
				CLANG_WARN_BOOL_CONVERSION = YES;
				CLANG_WARN_COMMA = YES;
				CLANG_WARN_CONSTANT_CONVERSION = YES;
				CLANG_WARN_DEPRECATED_OBJC_IMPLEMENTATIONS = YES;
				CLANG_WARN_DIRECT_OBJC_ISA_USAGE = YES_ERROR;
				CLANG_WARN_DOCUMENTATION_COMMENTS = YES;
				CLANG_WARN_EMPTY_BODY = YES;
				CLANG_WARN_ENUM_CONVERSION = YES;
				CLANG_WARN_INFINITE_RECURSION = YES;
				CLANG_WARN_INT_CONVERSION = YES;
				CLANG_WARN_NON_LITERAL_NULL_CONVERSION = YES;
				CLANG_WARN_OBJC_IMPLICIT_RETAIN_SELF = YES;
				CLANG_WARN_OBJC_LITERAL_CONVERSION = YES;
				CLANG_WARN_OBJC_ROOT_CLASS = YES_ERROR;
				CLANG_WARN_QUOTED_INCLUDE_IN_FRAMEWORK_HEADER = YES;
				CLANG_WARN_RANGE_LOOP_ANALYSIS = YES;
				CLANG_WARN_STRICT_PROTOTYPES = YES;
				CLANG_WARN_SUSPICIOUS_MOVE = YES;
				CLANG_WARN_UNGUARDED_AVAILABILITY = YES_AGGRESSIVE;
				CLANG_WARN_UNREACHABLE_CODE = YES;
				CLANG_WARN__DUPLICATE_METHOD_MATCH = YES;
				COPY_PHASE_STRIP = NO;
				DEBUG_INFORMATION_FORMAT = dwarf;
				ENABLE_STRICT_OBJC_MSGSEND = YES;
				ENABLE_TESTABILITY = YES;
				GCC_C_LANGUAGE_STANDARD = gnu11;
				GCC_DYNAMIC_NO_PIC = NO;
				GCC_NO_COMMON_BLOCKS = YES;
				GCC_OPTIMIZATION_LEVEL = 0;
				GCC_PREPROCESSOR_DEFINITIONS = (
					"DEBUG=1",
					"$(inherited)",
				);
				GCC_WARN_64_TO_32_BIT_CONVERSION = YES;
				GCC_WARN_ABOUT_RETURN_TYPE = YES_ERROR;
				GCC_WARN_UNDECLARED_SELECTOR = YES;
				GCC_WARN_UNINITIALIZED_AUTOS = YES_AGGRESSIVE;
				GCC_WARN_UNUSED_FUNCTION = YES;
				GCC_WARN_UNUSED_VARIABLE = YES;
				IPHONEOS_DEPLOYMENT_TARGET = 16.1;
				MTL_ENABLE_DEBUG_INFO = INCLUDE_SOURCE;
				MTL_FAST_MATH = YES;
				ONLY_ACTIVE_ARCH = YES;
				SDKROOT = iphoneos;
				SWIFT_ACTIVE_COMPILATION_CONDITIONS = DEBUG;
				SWIFT_OPTIMIZATION_LEVEL = "-Onone";
			};
			name = Debug;
		};
		1ED94E442940FDDB00FDE7E6 /* Release */ = {
			isa = XCBuildConfiguration;
			buildSettings = {
				ALWAYS_SEARCH_USER_PATHS = NO;
				CLANG_ANALYZER_NONNULL = YES;
				CLANG_ANALYZER_NUMBER_OBJECT_CONVERSION = YES_AGGRESSIVE;
				CLANG_CXX_LANGUAGE_STANDARD = "gnu++20";
				CLANG_ENABLE_MODULES = YES;
				CLANG_ENABLE_OBJC_ARC = YES;
				CLANG_ENABLE_OBJC_WEAK = YES;
				CLANG_WARN_BLOCK_CAPTURE_AUTORELEASING = YES;
				CLANG_WARN_BOOL_CONVERSION = YES;
				CLANG_WARN_COMMA = YES;
				CLANG_WARN_CONSTANT_CONVERSION = YES;
				CLANG_WARN_DEPRECATED_OBJC_IMPLEMENTATIONS = YES;
				CLANG_WARN_DIRECT_OBJC_ISA_USAGE = YES_ERROR;
				CLANG_WARN_DOCUMENTATION_COMMENTS = YES;
				CLANG_WARN_EMPTY_BODY = YES;
				CLANG_WARN_ENUM_CONVERSION = YES;
				CLANG_WARN_INFINITE_RECURSION = YES;
				CLANG_WARN_INT_CONVERSION = YES;
				CLANG_WARN_NON_LITERAL_NULL_CONVERSION = YES;
				CLANG_WARN_OBJC_IMPLICIT_RETAIN_SELF = YES;
				CLANG_WARN_OBJC_LITERAL_CONVERSION = YES;
				CLANG_WARN_OBJC_ROOT_CLASS = YES_ERROR;
				CLANG_WARN_QUOTED_INCLUDE_IN_FRAMEWORK_HEADER = YES;
				CLANG_WARN_RANGE_LOOP_ANALYSIS = YES;
				CLANG_WARN_STRICT_PROTOTYPES = YES;
				CLANG_WARN_SUSPICIOUS_MOVE = YES;
				CLANG_WARN_UNGUARDED_AVAILABILITY = YES_AGGRESSIVE;
				CLANG_WARN_UNREACHABLE_CODE = YES;
				CLANG_WARN__DUPLICATE_METHOD_MATCH = YES;
				COPY_PHASE_STRIP = NO;
				DEBUG_INFORMATION_FORMAT = "dwarf-with-dsym";
				ENABLE_NS_ASSERTIONS = NO;
				ENABLE_STRICT_OBJC_MSGSEND = YES;
				GCC_C_LANGUAGE_STANDARD = gnu11;
				GCC_NO_COMMON_BLOCKS = YES;
				GCC_WARN_64_TO_32_BIT_CONVERSION = YES;
				GCC_WARN_ABOUT_RETURN_TYPE = YES_ERROR;
				GCC_WARN_UNDECLARED_SELECTOR = YES;
				GCC_WARN_UNINITIALIZED_AUTOS = YES_AGGRESSIVE;
				GCC_WARN_UNUSED_FUNCTION = YES;
				GCC_WARN_UNUSED_VARIABLE = YES;
				IPHONEOS_DEPLOYMENT_TARGET = 16.1;
				MTL_ENABLE_DEBUG_INFO = NO;
				MTL_FAST_MATH = YES;
				SDKROOT = iphoneos;
				SWIFT_COMPILATION_MODE = wholemodule;
				SWIFT_OPTIMIZATION_LEVEL = "-O";
				VALIDATE_PRODUCT = YES;
			};
			name = Release;
		};
		1ED94E462940FDDB00FDE7E6 /* Debug */ = {
			isa = XCBuildConfiguration;
			buildSettings = {
				ASSETCATALOG_COMPILER_APPICON_NAME = AppIcon;
				ASSETCATALOG_COMPILER_GLOBAL_ACCENT_COLOR_NAME = AccentColor;
				CODE_SIGN_IDENTITY = "Apple Development";
				CODE_SIGN_STYLE = Automatic;
				CURRENT_PROJECT_VERSION = 1;
				DEVELOPMENT_ASSET_PATHS = "\"ScoutInsights/Preview Content\"";
				DEVELOPMENT_TEAM = 7Y6U5WA8XQ;
				ENABLE_PREVIEWS = YES;
				GENERATE_INFOPLIST_FILE = YES;
				INFOPLIST_KEY_UIApplicationSceneManifest_Generation = YES;
				INFOPLIST_KEY_UIApplicationSupportsIndirectInputEvents = YES;
				INFOPLIST_KEY_UILaunchScreen_Generation = YES;
				INFOPLIST_KEY_UISupportedInterfaceOrientations_iPad = "UIInterfaceOrientationPortrait UIInterfaceOrientationPortraitUpsideDown UIInterfaceOrientationLandscapeLeft UIInterfaceOrientationLandscapeRight";
				INFOPLIST_KEY_UISupportedInterfaceOrientations_iPhone = "UIInterfaceOrientationPortrait UIInterfaceOrientationLandscapeLeft UIInterfaceOrientationLandscapeRight";
				LD_RUNPATH_SEARCH_PATHS = (
					"$(inherited)",
					"@executable_path/Frameworks",
				);
				MARKETING_VERSION = 1.0;
				PRODUCT_BUNDLE_IDENTIFIER = com.team3990.ScoutInsights;
				PRODUCT_NAME = "$(TARGET_NAME)";
				PROVISIONING_PROFILE_SPECIFIER = "";
				SWIFT_EMIT_LOC_STRINGS = YES;
				SWIFT_VERSION = 5.0;
				TARGETED_DEVICE_FAMILY = "1,2";
			};
			name = Debug;
		};
		1ED94E472940FDDB00FDE7E6 /* Release */ = {
			isa = XCBuildConfiguration;
			buildSettings = {
				ASSETCATALOG_COMPILER_APPICON_NAME = AppIcon;
				ASSETCATALOG_COMPILER_GLOBAL_ACCENT_COLOR_NAME = AccentColor;
				CODE_SIGN_STYLE = Manual;
				CURRENT_PROJECT_VERSION = 1;
				DEVELOPMENT_ASSET_PATHS = "\"ScoutInsights/Preview Content\"";
				DEVELOPMENT_TEAM = "";
				ENABLE_PREVIEWS = YES;
				GENERATE_INFOPLIST_FILE = YES;
				INFOPLIST_KEY_UIApplicationSceneManifest_Generation = YES;
				INFOPLIST_KEY_UIApplicationSupportsIndirectInputEvents = YES;
				INFOPLIST_KEY_UILaunchScreen_Generation = YES;
				INFOPLIST_KEY_UISupportedInterfaceOrientations_iPad = "UIInterfaceOrientationPortrait UIInterfaceOrientationPortraitUpsideDown UIInterfaceOrientationLandscapeLeft UIInterfaceOrientationLandscapeRight";
				INFOPLIST_KEY_UISupportedInterfaceOrientations_iPhone = "UIInterfaceOrientationPortrait UIInterfaceOrientationLandscapeLeft UIInterfaceOrientationLandscapeRight";
				LD_RUNPATH_SEARCH_PATHS = (
					"$(inherited)",
					"@executable_path/Frameworks",
				);
				MARKETING_VERSION = 1.0;
				PRODUCT_BUNDLE_IDENTIFIER = com.team3990.ScoutInsights;
				PRODUCT_NAME = "$(TARGET_NAME)";
				PROVISIONING_PROFILE_SPECIFIER = "";
				SWIFT_EMIT_LOC_STRINGS = YES;
				SWIFT_VERSION = 5.0;
				TARGETED_DEVICE_FAMILY = "1,2";
			};
			name = Release;
		};
		1ED94E492940FDDB00FDE7E6 /* Debug */ = {
			isa = XCBuildConfiguration;
			buildSettings = {
				ALWAYS_EMBED_SWIFT_STANDARD_LIBRARIES = YES;
				BUNDLE_LOADER = "$(TEST_HOST)";
				CODE_SIGN_STYLE = Automatic;
				CURRENT_PROJECT_VERSION = 1;
				DEVELOPMENT_TEAM = 7Y6U5WA8XQ;
				GENERATE_INFOPLIST_FILE = YES;
				IPHONEOS_DEPLOYMENT_TARGET = 16.1;
				MARKETING_VERSION = 1.0;
				PRODUCT_BUNDLE_IDENTIFIER = com.team3990.ScoutInsightsTests;
				PRODUCT_NAME = "$(TARGET_NAME)";
				SWIFT_EMIT_LOC_STRINGS = NO;
				SWIFT_VERSION = 5.0;
				TARGETED_DEVICE_FAMILY = "1,2";
				TEST_HOST = "$(BUILT_PRODUCTS_DIR)/ScoutInsights.app/$(BUNDLE_EXECUTABLE_FOLDER_PATH)/ScoutInsights";
			};
			name = Debug;
		};
		1ED94E4A2940FDDB00FDE7E6 /* Release */ = {
			isa = XCBuildConfiguration;
			buildSettings = {
				ALWAYS_EMBED_SWIFT_STANDARD_LIBRARIES = YES;
				BUNDLE_LOADER = "$(TEST_HOST)";
				CODE_SIGN_STYLE = Automatic;
				CURRENT_PROJECT_VERSION = 1;
				DEVELOPMENT_TEAM = 7Y6U5WA8XQ;
				GENERATE_INFOPLIST_FILE = YES;
				IPHONEOS_DEPLOYMENT_TARGET = 16.1;
				MARKETING_VERSION = 1.0;
				PRODUCT_BUNDLE_IDENTIFIER = com.team3990.ScoutInsightsTests;
				PRODUCT_NAME = "$(TARGET_NAME)";
				SWIFT_EMIT_LOC_STRINGS = NO;
				SWIFT_VERSION = 5.0;
				TARGETED_DEVICE_FAMILY = "1,2";
				TEST_HOST = "$(BUILT_PRODUCTS_DIR)/ScoutInsights.app/$(BUNDLE_EXECUTABLE_FOLDER_PATH)/ScoutInsights";
			};
			name = Release;
		};
		1ED94E4C2940FDDB00FDE7E6 /* Debug */ = {
			isa = XCBuildConfiguration;
			buildSettings = {
				ALWAYS_EMBED_SWIFT_STANDARD_LIBRARIES = YES;
				CODE_SIGN_STYLE = Automatic;
				CURRENT_PROJECT_VERSION = 1;
				DEVELOPMENT_TEAM = 7Y6U5WA8XQ;
				GENERATE_INFOPLIST_FILE = YES;
				MARKETING_VERSION = 1.0;
				PRODUCT_BUNDLE_IDENTIFIER = com.team3990.ScoutInsightsUITests;
				PRODUCT_NAME = "$(TARGET_NAME)";
				SWIFT_EMIT_LOC_STRINGS = NO;
				SWIFT_VERSION = 5.0;
				TARGETED_DEVICE_FAMILY = "1,2";
				TEST_TARGET_NAME = ScoutInsights;
			};
			name = Debug;
		};
		1ED94E4D2940FDDB00FDE7E6 /* Release */ = {
			isa = XCBuildConfiguration;
			buildSettings = {
				ALWAYS_EMBED_SWIFT_STANDARD_LIBRARIES = YES;
				CODE_SIGN_STYLE = Automatic;
				CURRENT_PROJECT_VERSION = 1;
				DEVELOPMENT_TEAM = 7Y6U5WA8XQ;
				GENERATE_INFOPLIST_FILE = YES;
				MARKETING_VERSION = 1.0;
				PRODUCT_BUNDLE_IDENTIFIER = com.team3990.ScoutInsightsUITests;
				PRODUCT_NAME = "$(TARGET_NAME)";
				SWIFT_EMIT_LOC_STRINGS = NO;
				SWIFT_VERSION = 5.0;
				TARGETED_DEVICE_FAMILY = "1,2";
				TEST_TARGET_NAME = ScoutInsights;
			};
			name = Release;
		};
/* End XCBuildConfiguration section */

/* Begin XCConfigurationList section */
		1ED94E1C2940FDDA00FDE7E6 /* Build configuration list for PBXProject "ScoutInsights" */ = {
			isa = XCConfigurationList;
			buildConfigurations = (
				1ED94E432940FDDB00FDE7E6 /* Debug */,
				1ED94E442940FDDB00FDE7E6 /* Release */,
			);
			defaultConfigurationIsVisible = 0;
			defaultConfigurationName = Release;
		};
		1ED94E452940FDDB00FDE7E6 /* Build configuration list for PBXNativeTarget "ScoutInsights" */ = {
			isa = XCConfigurationList;
			buildConfigurations = (
				1ED94E462940FDDB00FDE7E6 /* Debug */,
				1ED94E472940FDDB00FDE7E6 /* Release */,
			);
			defaultConfigurationIsVisible = 0;
			defaultConfigurationName = Release;
		};
		1ED94E482940FDDB00FDE7E6 /* Build configuration list for PBXNativeTarget "ScoutInsightsTests" */ = {
			isa = XCConfigurationList;
			buildConfigurations = (
				1ED94E492940FDDB00FDE7E6 /* Debug */,
				1ED94E4A2940FDDB00FDE7E6 /* Release */,
			);
			defaultConfigurationIsVisible = 0;
			defaultConfigurationName = Release;
		};
		1ED94E4B2940FDDB00FDE7E6 /* Build configuration list for PBXNativeTarget "ScoutInsightsUITests" */ = {
			isa = XCConfigurationList;
			buildConfigurations = (
				1ED94E4C2940FDDB00FDE7E6 /* Debug */,
				1ED94E4D2940FDDB00FDE7E6 /* Release */,
			);
			defaultConfigurationIsVisible = 0;
			defaultConfigurationName = Release;
		};
/* End XCConfigurationList section */

/* Begin XCRemoteSwiftPackageReference section */
		1E45AC2F297785C000885E50 /* XCRemoteSwiftPackageReference "realm-swift" */ = {
			isa = XCRemoteSwiftPackageReference;
			repositoryURL = "https://github.com/realm/realm-swift.git";
			requirement = {
				kind = upToNextMajorVersion;
				minimumVersion = 10.34.0;
			};
		};
/* End XCRemoteSwiftPackageReference section */

/* Begin XCSwiftPackageProductDependency section */
		1E45AC30297785C000885E50 /* Realm */ = {
			isa = XCSwiftPackageProductDependency;
			package = 1E45AC2F297785C000885E50 /* XCRemoteSwiftPackageReference "realm-swift" */;
			productName = Realm;
		};
		1E45AC32297785C000885E50 /* RealmSwift */ = {
			isa = XCSwiftPackageProductDependency;
			package = 1E45AC2F297785C000885E50 /* XCRemoteSwiftPackageReference "realm-swift" */;
			productName = RealmSwift;
		};
/* End XCSwiftPackageProductDependency section */
	};
	rootObject = 1ED94E192940FDDA00FDE7E6 /* Project object */;
}
